// !$*UTF8*$!
{
	archiveVersion = 1;
	classes = {
	};
	objectVersion = 56;
	objects = {

/* Begin PBXBuildFile section */
		D2DE93F12C8367E80048DD3D /* WeatherAppApp.swift in Sources */ = {isa = PBXBuildFile; fileRef = D2DE93F02C8367E80048DD3D /* WeatherAppApp.swift */; };
		D2DE93F32C8367E80048DD3D /* ContentView.swift in Sources */ = {isa = PBXBuildFile; fileRef = D2DE93F22C8367E80048DD3D /* ContentView.swift */; };
		D2DE93F52C8367EA0048DD3D /* Assets.xcassets in Resources */ = {isa = PBXBuildFile; fileRef = D2DE93F42C8367EA0048DD3D /* Assets.xcassets */; };
		D2DE93F82C8367EA0048DD3D /* Preview Assets.xcassets in Resources */ = {isa = PBXBuildFile; fileRef = D2DE93F72C8367EA0048DD3D /* Preview Assets.xcassets */; };
		D2DE94022C8367EB0048DD3D /* WeatherAppTests.swift in Sources */ = {isa = PBXBuildFile; fileRef = D2DE94012C8367EB0048DD3D /* WeatherAppTests.swift */; };
		D2DE940C2C8367EB0048DD3D /* WeatherAppUITests.swift in Sources */ = {isa = PBXBuildFile; fileRef = D2DE940B2C8367EB0048DD3D /* WeatherAppUITests.swift */; };
		D2DE940E2C8367EB0048DD3D /* WeatherAppUITestsLaunchTests.swift in Sources */ = {isa = PBXBuildFile; fileRef = D2DE940D2C8367EB0048DD3D /* WeatherAppUITestsLaunchTests.swift */; };
		D2DE941B2C8378FD0048DD3D /* WeatherСonditionsView.swift in Sources */ = {isa = PBXBuildFile; fileRef = D2DE941A2C8378FD0048DD3D /* WeatherСonditionsView.swift */; };
		D2DE941D2C837FCC0048DD3D /* WeatherConditionView.swift in Sources */ = {isa = PBXBuildFile; fileRef = D2DE941C2C837FCB0048DD3D /* WeatherConditionView.swift */; };
		D2DE941F2C83A07C0048DD3D /* WishModalView.swift in Sources */ = {isa = PBXBuildFile; fileRef = D2DE941E2C83A07C0048DD3D /* WishModalView.swift */; };
/* End PBXBuildFile section */

/* Begin PBXContainerItemProxy section */
		D2DE93FE2C8367EB0048DD3D /* PBXContainerItemProxy */ = {
			isa = PBXContainerItemProxy;
			containerPortal = D2DE93E52C8367E80048DD3D /* Project object */;
			proxyType = 1;
			remoteGlobalIDString = D2DE93EC2C8367E80048DD3D;
			remoteInfo = WeatherApp;
		};
		D2DE94082C8367EB0048DD3D /* PBXContainerItemProxy */ = {
			isa = PBXContainerItemProxy;
			containerPortal = D2DE93E52C8367E80048DD3D /* Project object */;
			proxyType = 1;
			remoteGlobalIDString = D2DE93EC2C8367E80048DD3D;
			remoteInfo = WeatherApp;
		};
/* End PBXContainerItemProxy section */

/* Begin PBXFileReference section */
		D2DE93ED2C8367E80048DD3D /* WeatherApp.app */ = {isa = PBXFileReference; explicitFileType = wrapper.application; includeInIndex = 0; path = WeatherApp.app; sourceTree = BUILT_PRODUCTS_DIR; };
		D2DE93F02C8367E80048DD3D /* WeatherAppApp.swift */ = {isa = PBXFileReference; lastKnownFileType = sourcecode.swift; path = WeatherAppApp.swift; sourceTree = "<group>"; };
		D2DE93F22C8367E80048DD3D /* ContentView.swift */ = {isa = PBXFileReference; lastKnownFileType = sourcecode.swift; path = ContentView.swift; sourceTree = "<group>"; };
		D2DE93F42C8367EA0048DD3D /* Assets.xcassets */ = {isa = PBXFileReference; lastKnownFileType = folder.assetcatalog; path = Assets.xcassets; sourceTree = "<group>"; };
		D2DE93F72C8367EA0048DD3D /* Preview Assets.xcassets */ = {isa = PBXFileReference; lastKnownFileType = folder.assetcatalog; path = "Preview Assets.xcassets"; sourceTree = "<group>"; };
		D2DE93FD2C8367EB0048DD3D /* WeatherAppTests.xctest */ = {isa = PBXFileReference; explicitFileType = wrapper.cfbundle; includeInIndex = 0; path = WeatherAppTests.xctest; sourceTree = BUILT_PRODUCTS_DIR; };
		D2DE94012C8367EB0048DD3D /* WeatherAppTests.swift */ = {isa = PBXFileReference; lastKnownFileType = sourcecode.swift; path = WeatherAppTests.swift; sourceTree = "<group>"; };
		D2DE94072C8367EB0048DD3D /* WeatherAppUITests.xctest */ = {isa = PBXFileReference; explicitFileType = wrapper.cfbundle; includeInIndex = 0; path = WeatherAppUITests.xctest; sourceTree = BUILT_PRODUCTS_DIR; };
		D2DE940B2C8367EB0048DD3D /* WeatherAppUITests.swift */ = {isa = PBXFileReference; lastKnownFileType = sourcecode.swift; path = WeatherAppUITests.swift; sourceTree = "<group>"; };
		D2DE940D2C8367EB0048DD3D /* WeatherAppUITestsLaunchTests.swift */ = {isa = PBXFileReference; lastKnownFileType = sourcecode.swift; path = WeatherAppUITestsLaunchTests.swift; sourceTree = "<group>"; };
		D2DE941A2C8378FD0048DD3D /* WeatherСonditionsView.swift */ = {isa = PBXFileReference; lastKnownFileType = sourcecode.swift; path = "WeatherСonditionsView.swift"; sourceTree = "<group>"; };
		D2DE941C2C837FCB0048DD3D /* WeatherConditionView.swift */ = {isa = PBXFileReference; lastKnownFileType = sourcecode.swift; path = WeatherConditionView.swift; sourceTree = "<group>"; };
		D2DE941E2C83A07C0048DD3D /* WishModalView.swift */ = {isa = PBXFileReference; lastKnownFileType = sourcecode.swift; path = WishModalView.swift; sourceTree = "<group>"; };
		D2DE94242C8ADD020048DD3D /* Info.plist */ = {isa = PBXFileReference; lastKnownFileType = text.plist.xml; path = Info.plist; sourceTree = "<group>"; };
/* End PBXFileReference section */

/* Begin PBXFrameworksBuildPhase section */
		D2DE93EA2C8367E80048DD3D /* Frameworks */ = {
			isa = PBXFrameworksBuildPhase;
			buildActionMask = 2147483647;
			files = (
			);
			runOnlyForDeploymentPostprocessing = 0;
		};
		D2DE93FA2C8367EB0048DD3D /* Frameworks */ = {
			isa = PBXFrameworksBuildPhase;
			buildActionMask = 2147483647;
			files = (
			);
			runOnlyForDeploymentPostprocessing = 0;
		};
		D2DE94042C8367EB0048DD3D /* Frameworks */ = {
			isa = PBXFrameworksBuildPhase;
			buildActionMask = 2147483647;
			files = (
			);
			runOnlyForDeploymentPostprocessing = 0;
		};
/* End PBXFrameworksBuildPhase section */

/* Begin PBXGroup section */
		D2DE93E42C8367E80048DD3D = {
			isa = PBXGroup;
			children = (
				D2DE93EF2C8367E80048DD3D /* WeatherApp */,
				D2DE94002C8367EB0048DD3D /* WeatherAppTests */,
				D2DE940A2C8367EB0048DD3D /* WeatherAppUITests */,
				D2DE93EE2C8367E80048DD3D /* Products */,
			);
			sourceTree = "<group>";
		};
		D2DE93EE2C8367E80048DD3D /* Products */ = {
			isa = PBXGroup;
			children = (
				D2DE93ED2C8367E80048DD3D /* WeatherApp.app */,
				D2DE93FD2C8367EB0048DD3D /* WeatherAppTests.xctest */,
				D2DE94072C8367EB0048DD3D /* WeatherAppUITests.xctest */,
			);
			name = Products;
			sourceTree = "<group>";
		};
		D2DE93EF2C8367E80048DD3D /* WeatherApp */ = {
			isa = PBXGroup;
			children = (
				D2DE94242C8ADD020048DD3D /* Info.plist */,
				D2DE93F02C8367E80048DD3D /* WeatherAppApp.swift */,
				D2DE93F22C8367E80048DD3D /* ContentView.swift */,
				D2DE941A2C8378FD0048DD3D /* WeatherСonditionsView.swift */,
				D2DE941C2C837FCB0048DD3D /* WeatherConditionView.swift */,
				D2DE941E2C83A07C0048DD3D /* WishModalView.swift */,
				D2DE93F42C8367EA0048DD3D /* Assets.xcassets */,
				D2DE93F62C8367EA0048DD3D /* Preview Content */,
			);
			path = WeatherApp;
			sourceTree = "<group>";
		};
		D2DE93F62C8367EA0048DD3D /* Preview Content */ = {
			isa = PBXGroup;
			children = (
				D2DE93F72C8367EA0048DD3D /* Preview Assets.xcassets */,
			);
			path = "Preview Content";
			sourceTree = "<group>";
		};
		D2DE94002C8367EB0048DD3D /* WeatherAppTests */ = {
			isa = PBXGroup;
			children = (
				D2DE94012C8367EB0048DD3D /* WeatherAppTests.swift */,
			);
			path = WeatherAppTests;
			sourceTree = "<group>";
		};
		D2DE940A2C8367EB0048DD3D /* WeatherAppUITests */ = {
			isa = PBXGroup;
			children = (
				D2DE940B2C8367EB0048DD3D /* WeatherAppUITests.swift */,
				D2DE940D2C8367EB0048DD3D /* WeatherAppUITestsLaunchTests.swift */,
			);
			path = WeatherAppUITests;
			sourceTree = "<group>";
		};
/* End PBXGroup section */

/* Begin PBXNativeTarget section */
		D2DE93EC2C8367E80048DD3D /* WeatherApp */ = {
			isa = PBXNativeTarget;
			buildConfigurationList = D2DE94112C8367EB0048DD3D /* Build configuration list for PBXNativeTarget "WeatherApp" */;
			buildPhases = (
				D2DE93E92C8367E80048DD3D /* Sources */,
				D2DE93EA2C8367E80048DD3D /* Frameworks */,
				D2DE93EB2C8367E80048DD3D /* Resources */,
			);
			buildRules = (
			);
			dependencies = (
			);
			name = WeatherApp;
			productName = WeatherApp;
			productReference = D2DE93ED2C8367E80048DD3D /* WeatherApp.app */;
			productType = "com.apple.product-type.application";
		};
		D2DE93FC2C8367EB0048DD3D /* WeatherAppTests */ = {
			isa = PBXNativeTarget;
			buildConfigurationList = D2DE94142C8367EB0048DD3D /* Build configuration list for PBXNativeTarget "WeatherAppTests" */;
			buildPhases = (
				D2DE93F92C8367EB0048DD3D /* Sources */,
				D2DE93FA2C8367EB0048DD3D /* Frameworks */,
				D2DE93FB2C8367EB0048DD3D /* Resources */,
			);
			buildRules = (
			);
			dependencies = (
				D2DE93FF2C8367EB0048DD3D /* PBXTargetDependency */,
			);
			name = WeatherAppTests;
			productName = WeatherAppTests;
			productReference = D2DE93FD2C8367EB0048DD3D /* WeatherAppTests.xctest */;
			productType = "com.apple.product-type.bundle.unit-test";
		};
		D2DE94062C8367EB0048DD3D /* WeatherAppUITests */ = {
			isa = PBXNativeTarget;
			buildConfigurationList = D2DE94172C8367EB0048DD3D /* Build configuration list for PBXNativeTarget "WeatherAppUITests" */;
			buildPhases = (
				D2DE94032C8367EB0048DD3D /* Sources */,
				D2DE94042C8367EB0048DD3D /* Frameworks */,
				D2DE94052C8367EB0048DD3D /* Resources */,
			);
			buildRules = (
			);
			dependencies = (
				D2DE94092C8367EB0048DD3D /* PBXTargetDependency */,
			);
			name = WeatherAppUITests;
			productName = WeatherAppUITests;
			productReference = D2DE94072C8367EB0048DD3D /* WeatherAppUITests.xctest */;
			productType = "com.apple.product-type.bundle.ui-testing";
		};
/* End PBXNativeTarget section */

/* Begin PBXProject section */
		D2DE93E52C8367E80048DD3D /* Project object */ = {
			isa = PBXProject;
			attributes = {
				BuildIndependentTargetsInParallel = 1;
				LastSwiftUpdateCheck = 1540;
				LastUpgradeCheck = 1540;
				TargetAttributes = {
					D2DE93EC2C8367E80048DD3D = {
						CreatedOnToolsVersion = 15.4;
					};
					D2DE93FC2C8367EB0048DD3D = {
						CreatedOnToolsVersion = 15.4;
						TestTargetID = D2DE93EC2C8367E80048DD3D;
					};
					D2DE94062C8367EB0048DD3D = {
						CreatedOnToolsVersion = 15.4;
						TestTargetID = D2DE93EC2C8367E80048DD3D;
					};
				};
			};
			buildConfigurationList = D2DE93E82C8367E80048DD3D /* Build configuration list for PBXProject "WeatherApp" */;
			compatibilityVersion = "Xcode 14.0";
			developmentRegion = en;
			hasScannedForEncodings = 0;
			knownRegions = (
				en,
				Base,
			);
			mainGroup = D2DE93E42C8367E80048DD3D;
			productRefGroup = D2DE93EE2C8367E80048DD3D /* Products */;
			projectDirPath = "";
			projectRoot = "";
			targets = (
				D2DE93EC2C8367E80048DD3D /* WeatherApp */,
				D2DE93FC2C8367EB0048DD3D /* WeatherAppTests */,
				D2DE94062C8367EB0048DD3D /* WeatherAppUITests */,
			);
		};
/* End PBXProject section */

/* Begin PBXResourcesBuildPhase section */
		D2DE93EB2C8367E80048DD3D /* Resources */ = {
			isa = PBXResourcesBuildPhase;
			buildActionMask = 2147483647;
			files = (
				D2DE93F82C8367EA0048DD3D /* Preview Assets.xcassets in Resources */,
				D2DE93F52C8367EA0048DD3D /* Assets.xcassets in Resources */,
			);
			runOnlyForDeploymentPostprocessing = 0;
		};
		D2DE93FB2C8367EB0048DD3D /* Resources */ = {
			isa = PBXResourcesBuildPhase;
			buildActionMask = 2147483647;
			files = (
			);
			runOnlyForDeploymentPostprocessing = 0;
		};
		D2DE94052C8367EB0048DD3D /* Resources */ = {
			isa = PBXResourcesBuildPhase;
			buildActionMask = 2147483647;
			files = (
			);
			runOnlyForDeploymentPostprocessing = 0;
		};
/* End PBXResourcesBuildPhase section */

/* Begin PBXSourcesBuildPhase section */
		D2DE93E92C8367E80048DD3D /* Sources */ = {
			isa = PBXSourcesBuildPhase;
			buildActionMask = 2147483647;
			files = (
				D2DE93F32C8367E80048DD3D /* ContentView.swift in Sources */,
				D2DE941B2C8378FD0048DD3D /* WeatherСonditionsView.swift in Sources */,
				D2DE93F12C8367E80048DD3D /* WeatherAppApp.swift in Sources */,
				D2DE941D2C837FCC0048DD3D /* WeatherConditionView.swift in Sources */,
				D2DE941F2C83A07C0048DD3D /* WishModalView.swift in Sources */,
			);
			runOnlyForDeploymentPostprocessing = 0;
		};
		D2DE93F92C8367EB0048DD3D /* Sources */ = {
			isa = PBXSourcesBuildPhase;
			buildActionMask = 2147483647;
			files = (
				D2DE94022C8367EB0048DD3D /* WeatherAppTests.swift in Sources */,
			);
			runOnlyForDeploymentPostprocessing = 0;
		};
		D2DE94032C8367EB0048DD3D /* Sources */ = {
			isa = PBXSourcesBuildPhase;
			buildActionMask = 2147483647;
			files = (
				D2DE940C2C8367EB0048DD3D /* WeatherAppUITests.swift in Sources */,
				D2DE940E2C8367EB0048DD3D /* WeatherAppUITestsLaunchTests.swift in Sources */,
			);
			runOnlyForDeploymentPostprocessing = 0;
		};
/* End PBXSourcesBuildPhase section */

/* Begin PBXTargetDependency section */
		D2DE93FF2C8367EB0048DD3D /* PBXTargetDependency */ = {
			isa = PBXTargetDependency;
			target = D2DE93EC2C8367E80048DD3D /* WeatherApp */;
			targetProxy = D2DE93FE2C8367EB0048DD3D /* PBXContainerItemProxy */;
		};
		D2DE94092C8367EB0048DD3D /* PBXTargetDependency */ = {
			isa = PBXTargetDependency;
			target = D2DE93EC2C8367E80048DD3D /* WeatherApp */;
			targetProxy = D2DE94082C8367EB0048DD3D /* PBXContainerItemProxy */;
		};
/* End PBXTargetDependency section */

/* Begin XCBuildConfiguration section */
		D2DE940F2C8367EB0048DD3D /* Debug */ = {
			isa = XCBuildConfiguration;
			buildSettings = {
				ALWAYS_SEARCH_USER_PATHS = NO;
				ASSETCATALOG_COMPILER_GENERATE_SWIFT_ASSET_SYMBOL_EXTENSIONS = YES;
				CLANG_ANALYZER_NONNULL = YES;
				CLANG_ANALYZER_NUMBER_OBJECT_CONVERSION = YES_AGGRESSIVE;
				CLANG_CXX_LANGUAGE_STANDARD = "gnu++20";
				CLANG_ENABLE_MODULES = YES;
				CLANG_ENABLE_OBJC_ARC = YES;
				CLANG_ENABLE_OBJC_WEAK = YES;
				CLANG_WARN_BLOCK_CAPTURE_AUTORELEASING = YES;
				CLANG_WARN_BOOL_CONVERSION = YES;
				CLANG_WARN_COMMA = YES;
				CLANG_WARN_CONSTANT_CONVERSION = YES;
				CLANG_WARN_DEPRECATED_OBJC_IMPLEMENTATIONS = YES;
				CLANG_WARN_DIRECT_OBJC_ISA_USAGE = YES_ERROR;
				CLANG_WARN_DOCUMENTATION_COMMENTS = YES;
				CLANG_WARN_EMPTY_BODY = YES;
				CLANG_WARN_ENUM_CONVERSION = YES;
				CLANG_WARN_INFINITE_RECURSION = YES;
				CLANG_WARN_INT_CONVERSION = YES;
				CLANG_WARN_NON_LITERAL_NULL_CONVERSION = YES;
				CLANG_WARN_OBJC_IMPLICIT_RETAIN_SELF = YES;
				CLANG_WARN_OBJC_LITERAL_CONVERSION = YES;
				CLANG_WARN_OBJC_ROOT_CLASS = YES_ERROR;
				CLANG_WARN_QUOTED_INCLUDE_IN_FRAMEWORK_HEADER = YES;
				CLANG_WARN_RANGE_LOOP_ANALYSIS = YES;
				CLANG_WARN_STRICT_PROTOTYPES = YES;
				CLANG_WARN_SUSPICIOUS_MOVE = YES;
				CLANG_WARN_UNGUARDED_AVAILABILITY = YES_AGGRESSIVE;
				CLANG_WARN_UNREACHABLE_CODE = YES;
				CLANG_WARN__DUPLICATE_METHOD_MATCH = YES;
				COPY_PHASE_STRIP = NO;
				DEBUG_INFORMATION_FORMAT = dwarf;
				ENABLE_STRICT_OBJC_MSGSEND = YES;
				ENABLE_TESTABILITY = YES;
				ENABLE_USER_SCRIPT_SANDBOXING = YES;
				GCC_C_LANGUAGE_STANDARD = gnu17;
				GCC_DYNAMIC_NO_PIC = NO;
				GCC_NO_COMMON_BLOCKS = YES;
				GCC_OPTIMIZATION_LEVEL = 0;
				GCC_PREPROCESSOR_DEFINITIONS = (
					"DEBUG=1",
					"$(inherited)",
				);
				GCC_WARN_64_TO_32_BIT_CONVERSION = YES;
				GCC_WARN_ABOUT_RETURN_TYPE = YES_ERROR;
				GCC_WARN_UNDECLARED_SELECTOR = YES;
				GCC_WARN_UNINITIALIZED_AUTOS = YES_AGGRESSIVE;
				GCC_WARN_UNUSED_FUNCTION = YES;
				GCC_WARN_UNUSED_VARIABLE = YES;
				IPHONEOS_DEPLOYMENT_TARGET = 17.5;
				LOCALIZATION_PREFERS_STRING_CATALOGS = YES;
				MTL_ENABLE_DEBUG_INFO = INCLUDE_SOURCE;
				MTL_FAST_MATH = YES;
				ONLY_ACTIVE_ARCH = YES;
				SDKROOT = iphoneos;
				SWIFT_ACTIVE_COMPILATION_CONDITIONS = "DEBUG $(inherited)";
				SWIFT_OPTIMIZATION_LEVEL = "-Onone";
			};
			name = Debug;
		};
		D2DE94102C8367EB0048DD3D /* Release */ = {
			isa = XCBuildConfiguration;
			buildSettings = {
				ALWAYS_SEARCH_USER_PATHS = NO;
				ASSETCATALOG_COMPILER_GENERATE_SWIFT_ASSET_SYMBOL_EXTENSIONS = YES;
				CLANG_ANALYZER_NONNULL = YES;
				CLANG_ANALYZER_NUMBER_OBJECT_CONVERSION = YES_AGGRESSIVE;
				CLANG_CXX_LANGUAGE_STANDARD = "gnu++20";
				CLANG_ENABLE_MODULES = YES;
				CLANG_ENABLE_OBJC_ARC = YES;
				CLANG_ENABLE_OBJC_WEAK = YES;
				CLANG_WARN_BLOCK_CAPTURE_AUTORELEASING = YES;
				CLANG_WARN_BOOL_CONVERSION = YES;
				CLANG_WARN_COMMA = YES;
				CLANG_WARN_CONSTANT_CONVERSION = YES;
				CLANG_WARN_DEPRECATED_OBJC_IMPLEMENTATIONS = YES;
				CLANG_WARN_DIRECT_OBJC_ISA_USAGE = YES_ERROR;
				CLANG_WARN_DOCUMENTATION_COMMENTS = YES;
				CLANG_WARN_EMPTY_BODY = YES;
				CLANG_WARN_ENUM_CONVERSION = YES;
				CLANG_WARN_INFINITE_RECURSION = YES;
				CLANG_WARN_INT_CONVERSION = YES;
				CLANG_WARN_NON_LITERAL_NULL_CONVERSION = YES;
				CLANG_WARN_OBJC_IMPLICIT_RETAIN_SELF = YES;
				CLANG_WARN_OBJC_LITERAL_CONVERSION = YES;
				CLANG_WARN_OBJC_ROOT_CLASS = YES_ERROR;
				CLANG_WARN_QUOTED_INCLUDE_IN_FRAMEWORK_HEADER = YES;
				CLANG_WARN_RANGE_LOOP_ANALYSIS = YES;
				CLANG_WARN_STRICT_PROTOTYPES = YES;
				CLANG_WARN_SUSPICIOUS_MOVE = YES;
				CLANG_WARN_UNGUARDED_AVAILABILITY = YES_AGGRESSIVE;
				CLANG_WARN_UNREACHABLE_CODE = YES;
				CLANG_WARN__DUPLICATE_METHOD_MATCH = YES;
				COPY_PHASE_STRIP = NO;
				DEBUG_INFORMATION_FORMAT = "dwarf-with-dsym";
				ENABLE_NS_ASSERTIONS = NO;
				ENABLE_STRICT_OBJC_MSGSEND = YES;
				ENABLE_USER_SCRIPT_SANDBOXING = YES;
				GCC_C_LANGUAGE_STANDARD = gnu17;
				GCC_NO_COMMON_BLOCKS = YES;
				GCC_WARN_64_TO_32_BIT_CONVERSION = YES;
				GCC_WARN_ABOUT_RETURN_TYPE = YES_ERROR;
				GCC_WARN_UNDECLARED_SELECTOR = YES;
				GCC_WARN_UNINITIALIZED_AUTOS = YES_AGGRESSIVE;
				GCC_WARN_UNUSED_FUNCTION = YES;
				GCC_WARN_UNUSED_VARIABLE = YES;
				IPHONEOS_DEPLOYMENT_TARGET = 17.5;
				LOCALIZATION_PREFERS_STRING_CATALOGS = YES;
				MTL_ENABLE_DEBUG_INFO = NO;
				MTL_FAST_MATH = YES;
				SDKROOT = iphoneos;
				SWIFT_COMPILATION_MODE = wholemodule;
				VALIDATE_PRODUCT = YES;
			};
			name = Release;
		};
		D2DE94122C8367EB0048DD3D /* Debug */ = {
			isa = XCBuildConfiguration;
			buildSettings = {
				ASSETCATALOG_COMPILER_APPICON_NAME = AppIcon;
				ASSETCATALOG_COMPILER_GLOBAL_ACCENT_COLOR_NAME = AccentColor;
				CODE_SIGN_STYLE = Automatic;
				CURRENT_PROJECT_VERSION = 1;
				DEVELOPMENT_ASSET_PATHS = "\"WeatherApp/Preview Content\"";
				ENABLE_PREVIEWS = YES;
				GENERATE_INFOPLIST_FILE = YES;
				INFOPLIST_FILE = WeatherApp/Info.plist;
				INFOPLIST_KEY_UIApplicationSceneManifest_Generation = YES;
				INFOPLIST_KEY_UIApplicationSupportsIndirectInputEvents = YES;
				INFOPLIST_KEY_UISupportedInterfaceOrientations_iPad = "UIInterfaceOrientationPortrait UIInterfaceOrientationPortraitUpsideDown UIInterfaceOrientationLandscapeLeft UIInterfaceOrientationLandscapeRight";
				INFOPLIST_KEY_UISupportedInterfaceOrientations_iPhone = "UIInterfaceOrientationPortrait UIInterfaceOrientationLandscapeLeft UIInterfaceOrientationLandscapeRight";
				LD_RUNPATH_SEARCH_PATHS = (
					"$(inherited)",
					"@executable_path/Frameworks",
				);
				MARKETING_VERSION = 1.0;
				PRODUCT_BUNDLE_IDENTIFIER = ru.my.WeatherApp;
				PRODUCT_NAME = "$(TARGET_NAME)";
				SWIFT_EMIT_LOC_STRINGS = YES;
				SWIFT_VERSION = 5.0;
				TARGETED_DEVICE_FAMILY = "1,2";
			};
			name = Debug;
		};
		D2DE94132C8367EB0048DD3D /* Release */ = {
			isa = XCBuildConfiguration;
			buildSettings = {
				ASSETCATALOG_COMPILER_APPICON_NAME = AppIcon;
				ASSETCATALOG_COMPILER_GLOBAL_ACCENT_COLOR_NAME = AccentColor;
				CODE_SIGN_STYLE = Automatic;
				CURRENT_PROJECT_VERSION = 1;
				DEVELOPMENT_ASSET_PATHS = "\"WeatherApp/Preview Content\"";
				ENABLE_PREVIEWS = YES;
				GENERATE_INFOPLIST_FILE = YES;
				INFOPLIST_FILE = WeatherApp/Info.plist;
				INFOPLIST_KEY_UIApplicationSceneManifest_Generation = YES;
				INFOPLIST_KEY_UIApplicationSupportsIndirectInputEvents = YES;
				INFOPLIST_KEY_UISupportedInterfaceOrientations_iPad = "UIInterfaceOrientationPortrait UIInterfaceOrientationPortraitUpsideDown UIInterfaceOrientationLandscapeLeft UIInterfaceOrientationLandscapeRight";
				INFOPLIST_KEY_UISupportedInterfaceOrientations_iPhone = "UIInterfaceOrientationPortrait UIInterfaceOrientationLandscapeLeft UIInterfaceOrientationLandscapeRight";
				LD_RUNPATH_SEARCH_PATHS = (
					"$(inherited)",
					"@executable_path/Frameworks",
				);
				MARKETING_VERSION = 1.0;
				PRODUCT_BUNDLE_IDENTIFIER = ru.my.WeatherApp;
				PRODUCT_NAME = "$(TARGET_NAME)";
				SWIFT_EMIT_LOC_STRINGS = YES;
				SWIFT_VERSION = 5.0;
				TARGETED_DEVICE_FAMILY = "1,2";
			};
			name = Release;
		};
		D2DE94152C8367EB0048DD3D /* Debug */ = {
			isa = XCBuildConfiguration;
			buildSettings = {
				ALWAYS_EMBED_SWIFT_STANDARD_LIBRARIES = YES;
				BUNDLE_LOADER = "$(TEST_HOST)";
				CODE_SIGN_STYLE = Automatic;
				CURRENT_PROJECT_VERSION = 1;
				GENERATE_INFOPLIST_FILE = YES;
				IPHONEOS_DEPLOYMENT_TARGET = 17.5;
				MARKETING_VERSION = 1.0;
				PRODUCT_BUNDLE_IDENTIFIER = ru.my.WeatherAppTests;
				PRODUCT_NAME = "$(TARGET_NAME)";
				SWIFT_EMIT_LOC_STRINGS = NO;
				SWIFT_VERSION = 5.0;
				TARGETED_DEVICE_FAMILY = "1,2";
				TEST_HOST = "$(BUILT_PRODUCTS_DIR)/WeatherApp.app/$(BUNDLE_EXECUTABLE_FOLDER_PATH)/WeatherApp";
			};
			name = Debug;
		};
		D2DE94162C8367EB0048DD3D /* Release */ = {
			isa = XCBuildConfiguration;
			buildSettings = {
				ALWAYS_EMBED_SWIFT_STANDARD_LIBRARIES = YES;
				BUNDLE_LOADER = "$(TEST_HOST)";
				CODE_SIGN_STYLE = Automatic;
				CURRENT_PROJECT_VERSION = 1;
				GENERATE_INFOPLIST_FILE = YES;
				IPHONEOS_DEPLOYMENT_TARGET = 17.5;
				MARKETING_VERSION = 1.0;
				PRODUCT_BUNDLE_IDENTIFIER = ru.my.WeatherAppTests;
				PRODUCT_NAME = "$(TARGET_NAME)";
				SWIFT_EMIT_LOC_STRINGS = NO;
				SWIFT_VERSION = 5.0;
				TARGETED_DEVICE_FAMILY = "1,2";
				TEST_HOST = "$(BUILT_PRODUCTS_DIR)/WeatherApp.app/$(BUNDLE_EXECUTABLE_FOLDER_PATH)/WeatherApp";
			};
			name = Release;
		};
		D2DE94182C8367EB0048DD3D /* Debug */ = {
			isa = XCBuildConfiguration;
			buildSettings = {
				ALWAYS_EMBED_SWIFT_STANDARD_LIBRARIES = YES;
				CODE_SIGN_STYLE = Automatic;
				CURRENT_PROJECT_VERSION = 1;
				GENERATE_INFOPLIST_FILE = YES;
				MARKETING_VERSION = 1.0;
				PRODUCT_BUNDLE_IDENTIFIER = ru.my.WeatherAppUITests;
				PRODUCT_NAME = "$(TARGET_NAME)";
				SWIFT_EMIT_LOC_STRINGS = NO;
				SWIFT_VERSION = 5.0;
				TARGETED_DEVICE_FAMILY = "1,2";
				TEST_TARGET_NAME = WeatherApp;
			};
			name = Debug;
		};
		D2DE94192C8367EB0048DD3D /* Release */ = {
			isa = XCBuildConfiguration;
			buildSettings = {
				ALWAYS_EMBED_SWIFT_STANDARD_LIBRARIES = YES;
				CODE_SIGN_STYLE = Automatic;
				CURRENT_PROJECT_VERSION = 1;
				GENERATE_INFOPLIST_FILE = YES;
				MARKETING_VERSION = 1.0;
				PRODUCT_BUNDLE_IDENTIFIER = ru.my.WeatherAppUITests;
				PRODUCT_NAME = "$(TARGET_NAME)";
				SWIFT_EMIT_LOC_STRINGS = NO;
				SWIFT_VERSION = 5.0;
				TARGETED_DEVICE_FAMILY = "1,2";
				TEST_TARGET_NAME = WeatherApp;
			};
			name = Release;
		};
/* End XCBuildConfiguration section */

/* Begin XCConfigurationList section */
		D2DE93E82C8367E80048DD3D /* Build configuration list for PBXProject "WeatherApp" */ = {
			isa = XCConfigurationList;
			buildConfigurations = (
				D2DE940F2C8367EB0048DD3D /* Debug */,
				D2DE94102C8367EB0048DD3D /* Release */,
			);
			defaultConfigurationIsVisible = 0;
			defaultConfigurationName = Release;
		};
		D2DE94112C8367EB0048DD3D /* Build configuration list for PBXNativeTarget "WeatherApp" */ = {
			isa = XCConfigurationList;
			buildConfigurations = (
				D2DE94122C8367EB0048DD3D /* Debug */,
				D2DE94132C8367EB0048DD3D /* Release */,
			);
			defaultConfigurationIsVisible = 0;
			defaultConfigurationName = Release;
		};
		D2DE94142C8367EB0048DD3D /* Build configuration list for PBXNativeTarget "WeatherAppTests" */ = {
			isa = XCConfigurationList;
			buildConfigurations = (
				D2DE94152C8367EB0048DD3D /* Debug */,
				D2DE94162C8367EB0048DD3D /* Release */,
			);
			defaultConfigurationIsVisible = 0;
			defaultConfigurationName = Release;
		};
		D2DE94172C8367EB0048DD3D /* Build configuration list for PBXNativeTarget "WeatherAppUITests" */ = {
			isa = XCConfigurationList;
			buildConfigurations = (
				D2DE94182C8367EB0048DD3D /* Debug */,
				D2DE94192C8367EB0048DD3D /* Release */,
			);
			defaultConfigurationIsVisible = 0;
			defaultConfigurationName = Release;
		};
/* End XCConfigurationList section */
	};
	rootObject = D2DE93E52C8367E80048DD3D /* Project object */;
}
